// !$*UTF8*$!
{
	archiveVersion = 1;
	classes = {
	};
	objectVersion = 46;
	objects = {

/* Begin PBXBuildFile section */
		211658671AEE236D0031903B /* TragicallyHipMap.png in Resources */ = {isa = PBXBuildFile; fileRef = 211658661AEE236D0031903B /* TragicallyHipMap.png */; };
		211658691AEE28590031903B /* beyonce_blur_background.png in Resources */ = {isa = PBXBuildFile; fileRef = 211658681AEE28590031903B /* beyonce_blur_background.png */; };
		2116586B1AEE3E670031903B /* menu1.png in Resources */ = {isa = PBXBuildFile; fileRef = 2116586A1AEE3E670031903B /* menu1.png */; };
		21C1010D1AE8C4B1005AA452 /* AppDelegate.swift in Sources */ = {isa = PBXBuildFile; fileRef = 21C1010C1AE8C4B1005AA452 /* AppDelegate.swift */; };
		21C101121AE8C4B1005AA452 /* Main.storyboard in Resources */ = {isa = PBXBuildFile; fileRef = 21C101101AE8C4B1005AA452 /* Main.storyboard */; };
		21C101141AE8C4B1005AA452 /* Images.xcassets in Resources */ = {isa = PBXBuildFile; fileRef = 21C101131AE8C4B1005AA452 /* Images.xcassets */; };
		21C101171AE8C4B1005AA452 /* LaunchScreen.xib in Resources */ = {isa = PBXBuildFile; fileRef = 21C101151AE8C4B1005AA452 /* LaunchScreen.xib */; };
		21C101231AE8C4B1005AA452 /* AtlasTests.swift in Sources */ = {isa = PBXBuildFile; fileRef = 21C101221AE8C4B1005AA452 /* AtlasTests.swift */; };
		21C1012F1AE900AF005AA452 /* TicketPageViewController.swift in Sources */ = {isa = PBXBuildFile; fileRef = 21C1012E1AE900AF005AA452 /* TicketPageViewController.swift */; };
		21C101341AE905B6005AA452 /* menu.png in Resources */ = {isa = PBXBuildFile; fileRef = 21C101331AE905B6005AA452 /* menu.png */; };
		21C101381AE92332005AA452 /* dancing.png in Resources */ = {isa = PBXBuildFile; fileRef = 21C101371AE92332005AA452 /* dancing.png */; };
		21C1013A1AE9321E005AA452 /* CoreLocation.framework in Frameworks */ = {isa = PBXBuildFile; fileRef = 21C101391AE9321E005AA452 /* CoreLocation.framework */; };
		21EC125F1AEA08D000924CD8 /* SeatLocationViewController.swift in Sources */ = {isa = PBXBuildFile; fileRef = 21EC125E1AEA08D000924CD8 /* SeatLocationViewController.swift */; };
		21EC12611AEA148800924CD8 /* CategoryForButtonClass.swift in Sources */ = {isa = PBXBuildFile; fileRef = 21EC12601AEA148800924CD8 /* CategoryForButtonClass.swift */; };
		21EC12631AEA68BD00924CD8 /* DrawPathView.swift in Sources */ = {isa = PBXBuildFile; fileRef = 21EC12621AEA68BD00924CD8 /* DrawPathView.swift */; };
/* End PBXBuildFile section */

/* Begin PBXContainerItemProxy section */
		21C1011D1AE8C4B1005AA452 /* PBXContainerItemProxy */ = {
			isa = PBXContainerItemProxy;
			containerPortal = 21C100FF1AE8C4B0005AA452 /* Project object */;
			proxyType = 1;
			remoteGlobalIDString = 21C101061AE8C4B0005AA452;
			remoteInfo = Atlas;
		};
/* End PBXContainerItemProxy section */

/* Begin PBXFileReference section */
		211658661AEE236D0031903B /* TragicallyHipMap.png */ = {isa = PBXFileReference; lastKnownFileType = image.png; path = TragicallyHipMap.png; sourceTree = "<group>"; };
		211658681AEE28590031903B /* beyonce_blur_background.png */ = {isa = PBXFileReference; lastKnownFileType = image.png; path = beyonce_blur_background.png; sourceTree = "<group>"; };
		2116586A1AEE3E670031903B /* menu1.png */ = {isa = PBXFileReference; lastKnownFileType = image.png; path = menu1.png; sourceTree = "<group>"; };
		21C101071AE8C4B0005AA452 /* Atlas.app */ = {isa = PBXFileReference; explicitFileType = wrapper.application; includeInIndex = 0; path = Atlas.app; sourceTree = BUILT_PRODUCTS_DIR; };
		21C1010B1AE8C4B1005AA452 /* Info.plist */ = {isa = PBXFileReference; lastKnownFileType = text.plist.xml; path = Info.plist; sourceTree = "<group>"; };
		21C1010C1AE8C4B1005AA452 /* AppDelegate.swift */ = {isa = PBXFileReference; lastKnownFileType = sourcecode.swift; path = AppDelegate.swift; sourceTree = "<group>"; };
		21C101111AE8C4B1005AA452 /* Base */ = {isa = PBXFileReference; lastKnownFileType = file.storyboard; name = Base; path = Base.lproj/Main.storyboard; sourceTree = "<group>"; };
		21C101131AE8C4B1005AA452 /* Images.xcassets */ = {isa = PBXFileReference; lastKnownFileType = folder.assetcatalog; path = Images.xcassets; sourceTree = "<group>"; };
		21C101161AE8C4B1005AA452 /* Base */ = {isa = PBXFileReference; lastKnownFileType = file.xib; name = Base; path = Base.lproj/LaunchScreen.xib; sourceTree = "<group>"; };
		21C1011C1AE8C4B1005AA452 /* AtlasTests.xctest */ = {isa = PBXFileReference; explicitFileType = wrapper.cfbundle; includeInIndex = 0; path = AtlasTests.xctest; sourceTree = BUILT_PRODUCTS_DIR; };
		21C101211AE8C4B1005AA452 /* Info.plist */ = {isa = PBXFileReference; lastKnownFileType = text.plist.xml; path = Info.plist; sourceTree = "<group>"; };
		21C101221AE8C4B1005AA452 /* AtlasTests.swift */ = {isa = PBXFileReference; lastKnownFileType = sourcecode.swift; path = AtlasTests.swift; sourceTree = "<group>"; };
		21C1012E1AE900AF005AA452 /* TicketPageViewController.swift */ = {isa = PBXFileReference; fileEncoding = 4; lastKnownFileType = sourcecode.swift; path = TicketPageViewController.swift; sourceTree = "<group>"; };
		21C101331AE905B6005AA452 /* menu.png */ = {isa = PBXFileReference; lastKnownFileType = image.png; path = menu.png; sourceTree = "<group>"; };
		21C101371AE92332005AA452 /* dancing.png */ = {isa = PBXFileReference; lastKnownFileType = image.png; path = dancing.png; sourceTree = "<group>"; };
		21C101391AE9321E005AA452 /* CoreLocation.framework */ = {isa = PBXFileReference; lastKnownFileType = wrapper.framework; name = CoreLocation.framework; path = System/Library/Frameworks/CoreLocation.framework; sourceTree = SDKROOT; };
		21EC125E1AEA08D000924CD8 /* SeatLocationViewController.swift */ = {isa = PBXFileReference; fileEncoding = 4; lastKnownFileType = sourcecode.swift; path = SeatLocationViewController.swift; sourceTree = "<group>"; };
		21EC12601AEA148800924CD8 /* CategoryForButtonClass.swift */ = {isa = PBXFileReference; fileEncoding = 4; lastKnownFileType = sourcecode.swift; path = CategoryForButtonClass.swift; sourceTree = "<group>"; };
		21EC12621AEA68BD00924CD8 /* DrawPathView.swift */ = {isa = PBXFileReference; fileEncoding = 4; lastKnownFileType = sourcecode.swift; path = DrawPathView.swift; sourceTree = "<group>"; };
/* End PBXFileReference section */

/* Begin PBXFrameworksBuildPhase section */
		21C101041AE8C4B0005AA452 /* Frameworks */ = {
			isa = PBXFrameworksBuildPhase;
			buildActionMask = 2147483647;
			files = (
				21C1013A1AE9321E005AA452 /* CoreLocation.framework in Frameworks */,
			);
			runOnlyForDeploymentPostprocessing = 0;
		};
		21C101191AE8C4B1005AA452 /* Frameworks */ = {
			isa = PBXFrameworksBuildPhase;
			buildActionMask = 2147483647;
			files = (
			);
			runOnlyForDeploymentPostprocessing = 0;
		};
/* End PBXFrameworksBuildPhase section */

/* Begin PBXGroup section */
		21C100FE1AE8C4B0005AA452 = {
			isa = PBXGroup;
			children = (
				21C101391AE9321E005AA452 /* CoreLocation.framework */,
				21C101301AE90350005AA452 /* images */,
				21C101091AE8C4B0005AA452 /* Atlas */,
				21C1011F1AE8C4B1005AA452 /* AtlasTests */,
				21C101081AE8C4B0005AA452 /* Products */,
			);
			sourceTree = "<group>";
		};
		21C101081AE8C4B0005AA452 /* Products */ = {
			isa = PBXGroup;
			children = (
				21C101071AE8C4B0005AA452 /* Atlas.app */,
				21C1011C1AE8C4B1005AA452 /* AtlasTests.xctest */,
			);
			name = Products;
			sourceTree = "<group>";
		};
		21C101091AE8C4B0005AA452 /* Atlas */ = {
			isa = PBXGroup;
			children = (
				21C1010C1AE8C4B1005AA452 /* AppDelegate.swift */,
				21C1012E1AE900AF005AA452 /* TicketPageViewController.swift */,
				21EC125E1AEA08D000924CD8 /* SeatLocationViewController.swift */,
				21C101101AE8C4B1005AA452 /* Main.storyboard */,
				21C101131AE8C4B1005AA452 /* Images.xcassets */,
				21C101151AE8C4B1005AA452 /* LaunchScreen.xib */,
				21C1010A1AE8C4B0005AA452 /* Supporting Files */,
				21EC12601AEA148800924CD8 /* CategoryForButtonClass.swift */,
				21EC12621AEA68BD00924CD8 /* DrawPathView.swift */,
			);
			path = Atlas;
			sourceTree = "<group>";
		};
		21C1010A1AE8C4B0005AA452 /* Supporting Files */ = {
			isa = PBXGroup;
			children = (
				21C1010B1AE8C4B1005AA452 /* Info.plist */,
			);
			name = "Supporting Files";
			sourceTree = "<group>";
		};
		21C1011F1AE8C4B1005AA452 /* AtlasTests */ = {
			isa = PBXGroup;
			children = (
				21C101221AE8C4B1005AA452 /* AtlasTests.swift */,
				21C101201AE8C4B1005AA452 /* Supporting Files */,
			);
			path = AtlasTests;
			sourceTree = "<group>";
		};
		21C101201AE8C4B1005AA452 /* Supporting Files */ = {
			isa = PBXGroup;
			children = (
				21C101211AE8C4B1005AA452 /* Info.plist */,
			);
			name = "Supporting Files";
			sourceTree = "<group>";
		};
		21C101301AE90350005AA452 /* images */ = {
			isa = PBXGroup;
			children = (
				211658681AEE28590031903B /* beyonce_blur_background.png */,
				211658661AEE236D0031903B /* TragicallyHipMap.png */,
				2116586A1AEE3E670031903B /* menu1.png */,
				21C101371AE92332005AA452 /* dancing.png */,
				21C101331AE905B6005AA452 /* menu.png */,
			);
			path = images;
			sourceTree = "<group>";
		};
/* End PBXGroup section */

/* Begin PBXNativeTarget section */
		21C101061AE8C4B0005AA452 /* Atlas */ = {
			isa = PBXNativeTarget;
			buildConfigurationList = 21C101261AE8C4B1005AA452 /* Build configuration list for PBXNativeTarget "Atlas" */;
			buildPhases = (
				21C101031AE8C4B0005AA452 /* Sources */,
				21C101041AE8C4B0005AA452 /* Frameworks */,
				21C101051AE8C4B0005AA452 /* Resources */,
			);
			buildRules = (
			);
			dependencies = (
			);
			name = Atlas;
			productName = Atlas;
			productReference = 21C101071AE8C4B0005AA452 /* Atlas.app */;
			productType = "com.apple.product-type.application";
		};
		21C1011B1AE8C4B1005AA452 /* AtlasTests */ = {
			isa = PBXNativeTarget;
			buildConfigurationList = 21C101291AE8C4B1005AA452 /* Build configuration list for PBXNativeTarget "AtlasTests" */;
			buildPhases = (
				21C101181AE8C4B1005AA452 /* Sources */,
				21C101191AE8C4B1005AA452 /* Frameworks */,
				21C1011A1AE8C4B1005AA452 /* Resources */,
			);
			buildRules = (
			);
			dependencies = (
				21C1011E1AE8C4B1005AA452 /* PBXTargetDependency */,
			);
			name = AtlasTests;
			productName = AtlasTests;
			productReference = 21C1011C1AE8C4B1005AA452 /* AtlasTests.xctest */;
			productType = "com.apple.product-type.bundle.unit-test";
		};
/* End PBXNativeTarget section */

/* Begin PBXProject section */
		21C100FF1AE8C4B0005AA452 /* Project object */ = {
			isa = PBXProject;
			attributes = {
				LastUpgradeCheck = 0630;
				ORGANIZATIONNAME = nurdymuny;
				TargetAttributes = {
					21C101061AE8C4B0005AA452 = {
						CreatedOnToolsVersion = 6.3.1;
					};
					21C1011B1AE8C4B1005AA452 = {
						CreatedOnToolsVersion = 6.3.1;
						TestTargetID = 21C101061AE8C4B0005AA452;
					};
				};
			};
			buildConfigurationList = 21C101021AE8C4B0005AA452 /* Build configuration list for PBXProject "Atlas" */;
			compatibilityVersion = "Xcode 3.2";
			developmentRegion = English;
			hasScannedForEncodings = 0;
			knownRegions = (
				en,
				Base,
			);
			mainGroup = 21C100FE1AE8C4B0005AA452;
			productRefGroup = 21C101081AE8C4B0005AA452 /* Products */;
			projectDirPath = "";
			projectRoot = "";
			targets = (
				21C101061AE8C4B0005AA452 /* Atlas */,
				21C1011B1AE8C4B1005AA452 /* AtlasTests */,
			);
		};
/* End PBXProject section */

/* Begin PBXResourcesBuildPhase section */
		21C101051AE8C4B0005AA452 /* Resources */ = {
			isa = PBXResourcesBuildPhase;
			buildActionMask = 2147483647;
			files = (
				2116586B1AEE3E670031903B /* menu1.png in Resources */,
				21C101121AE8C4B1005AA452 /* Main.storyboard in Resources */,
				21C101381AE92332005AA452 /* dancing.png in Resources */,
				211658671AEE236D0031903B /* TragicallyHipMap.png in Resources */,
				21C101341AE905B6005AA452 /* menu.png in Resources */,
				21C101171AE8C4B1005AA452 /* LaunchScreen.xib in Resources */,
				21C101141AE8C4B1005AA452 /* Images.xcassets in Resources */,
				211658691AEE28590031903B /* beyonce_blur_background.png in Resources */,
			);
			runOnlyForDeploymentPostprocessing = 0;
		};
		21C1011A1AE8C4B1005AA452 /* Resources */ = {
			isa = PBXResourcesBuildPhase;
			buildActionMask = 2147483647;
			files = (
			);
			runOnlyForDeploymentPostprocessing = 0;
		};
/* End PBXResourcesBuildPhase section */

/* Begin PBXSourcesBuildPhase section */
		21C101031AE8C4B0005AA452 /* Sources */ = {
			isa = PBXSourcesBuildPhase;
			buildActionMask = 2147483647;
			files = (
				21EC12631AEA68BD00924CD8 /* DrawPathView.swift in Sources */,
				21C1010D1AE8C4B1005AA452 /* AppDelegate.swift in Sources */,
				21EC125F1AEA08D000924CD8 /* SeatLocationViewController.swift in Sources */,
				21EC12611AEA148800924CD8 /* CategoryForButtonClass.swift in Sources */,
				21C1012F1AE900AF005AA452 /* TicketPageViewController.swift in Sources */,
			);
			runOnlyForDeploymentPostprocessing = 0;
		};
		21C101181AE8C4B1005AA452 /* Sources */ = {
			isa = PBXSourcesBuildPhase;
			buildActionMask = 2147483647;
			files = (
				21C101231AE8C4B1005AA452 /* AtlasTests.swift in Sources */,
			);
			runOnlyForDeploymentPostprocessing = 0;
		};
/* End PBXSourcesBuildPhase section */

/* Begin PBXTargetDependency section */
		21C1011E1AE8C4B1005AA452 /* PBXTargetDependency */ = {
			isa = PBXTargetDependency;
			target = 21C101061AE8C4B0005AA452 /* Atlas */;
			targetProxy = 21C1011D1AE8C4B1005AA452 /* PBXContainerItemProxy */;
		};
/* End PBXTargetDependency section */

/* Begin PBXVariantGroup section */
		21C101101AE8C4B1005AA452 /* Main.storyboard */ = {
			isa = PBXVariantGroup;
			children = (
				21C101111AE8C4B1005AA452 /* Base */,
			);
			name = Main.storyboard;
			sourceTree = "<group>";
		};
		21C101151AE8C4B1005AA452 /* LaunchScreen.xib */ = {
			isa = PBXVariantGroup;
			children = (
				21C101161AE8C4B1005AA452 /* Base */,
			);
			name = LaunchScreen.xib;
			sourceTree = "<group>";
		};
/* End PBXVariantGroup section */

/* Begin XCBuildConfiguration section */
		21C101241AE8C4B1005AA452 /* Debug */ = {
			isa = XCBuildConfiguration;
			buildSettings = {
				ALWAYS_SEARCH_USER_PATHS = NO;
				CLANG_CXX_LANGUAGE_STANDARD = "gnu++0x";
				CLANG_CXX_LIBRARY = "libc++";
				CLANG_ENABLE_MODULES = YES;
				CLANG_ENABLE_OBJC_ARC = YES;
				CLANG_WARN_BOOL_CONVERSION = YES;
				CLANG_WARN_CONSTANT_CONVERSION = YES;
				CLANG_WARN_DIRECT_OBJC_ISA_USAGE = YES_ERROR;
				CLANG_WARN_EMPTY_BODY = YES;
				CLANG_WARN_ENUM_CONVERSION = YES;
				CLANG_WARN_INT_CONVERSION = YES;
				CLANG_WARN_OBJC_ROOT_CLASS = YES_ERROR;
				CLANG_WARN_UNREACHABLE_CODE = YES;
				CLANG_WARN__DUPLICATE_METHOD_MATCH = YES;
				"CODE_SIGN_IDENTITY[sdk=iphoneos*]" = "iPhone Developer";
				COPY_PHASE_STRIP = NO;
				DEBUG_INFORMATION_FORMAT = "dwarf-with-dsym";
				ENABLE_STRICT_OBJC_MSGSEND = YES;
				GCC_C_LANGUAGE_STANDARD = gnu99;
				GCC_DYNAMIC_NO_PIC = NO;
				GCC_NO_COMMON_BLOCKS = YES;
				GCC_OPTIMIZATION_LEVEL = 0;
				GCC_PREPROCESSOR_DEFINITIONS = (
					"DEBUG=1",
					"$(inherited)",
				);
				GCC_SYMBOLS_PRIVATE_EXTERN = NO;
				GCC_WARN_64_TO_32_BIT_CONVERSION = YES;
				GCC_WARN_ABOUT_RETURN_TYPE = YES_ERROR;
				GCC_WARN_UNDECLARED_SELECTOR = YES;
				GCC_WARN_UNINITIALIZED_AUTOS = YES_AGGRESSIVE;
				GCC_WARN_UNUSED_FUNCTION = YES;
				GCC_WARN_UNUSED_VARIABLE = YES;
				IPHONEOS_DEPLOYMENT_TARGET = 8.3;
				MTL_ENABLE_DEBUG_INFO = YES;
				ONLY_ACTIVE_ARCH = YES;
				SDKROOT = iphoneos;
				SWIFT_OPTIMIZATION_LEVEL = "-Onone";
			};
			name = Debug;
		};
		21C101251AE8C4B1005AA452 /* Release */ = {
			isa = XCBuildConfiguration;
			buildSettings = {
				ALWAYS_SEARCH_USER_PATHS = NO;
				CLANG_CXX_LANGUAGE_STANDARD = "gnu++0x";
				CLANG_CXX_LIBRARY = "libc++";
				CLANG_ENABLE_MODULES = YES;
				CLANG_ENABLE_OBJC_ARC = YES;
				CLANG_WARN_BOOL_CONVERSION = YES;
				CLANG_WARN_CONSTANT_CONVERSION = YES;
				CLANG_WARN_DIRECT_OBJC_ISA_USAGE = YES_ERROR;
				CLANG_WARN_EMPTY_BODY = YES;
				CLANG_WARN_ENUM_CONVERSION = YES;
				CLANG_WARN_INT_CONVERSION = YES;
				CLANG_WARN_OBJC_ROOT_CLASS = YES_ERROR;
				CLANG_WARN_UNREACHABLE_CODE = YES;
				CLANG_WARN__DUPLICATE_METHOD_MATCH = YES;
				"CODE_SIGN_IDENTITY[sdk=iphoneos*]" = "iPhone Developer";
				COPY_PHASE_STRIP = NO;
				DEBUG_INFORMATION_FORMAT = "dwarf-with-dsym";
				ENABLE_NS_ASSERTIONS = NO;
				ENABLE_STRICT_OBJC_MSGSEND = YES;
				GCC_C_LANGUAGE_STANDARD = gnu99;
				GCC_NO_COMMON_BLOCKS = YES;
				GCC_WARN_64_TO_32_BIT_CONVERSION = YES;
				GCC_WARN_ABOUT_RETURN_TYPE = YES_ERROR;
				GCC_WARN_UNDECLARED_SELECTOR = YES;
				GCC_WARN_UNINITIALIZED_AUTOS = YES_AGGRESSIVE;
				GCC_WARN_UNUSED_FUNCTION = YES;
				GCC_WARN_UNUSED_VARIABLE = YES;
				IPHONEOS_DEPLOYMENT_TARGET = 8.3;
				MTL_ENABLE_DEBUG_INFO = NO;
				SDKROOT = iphoneos;
				VALIDATE_PRODUCT = YES;
			};
			name = Release;
		};
		21C101271AE8C4B1005AA452 /* Debug */ = {
			isa = XCBuildConfiguration;
			buildSettings = {
				ASSETCATALOG_COMPILER_APPICON_NAME = AppIcon;
				CODE_SIGN_IDENTITY = "iPhone Developer: Sean Barker (7JWGBD6NFU)";
				"CODE_SIGN_IDENTITY[sdk=iphoneos*]" = "iPhone Developer: Sean Barker (7JWGBD6NFU)";
				INFOPLIST_FILE = Atlas/Info.plist;
				IPHONEOS_DEPLOYMENT_TARGET = 8.3;
				LD_RUNPATH_SEARCH_PATHS = "$(inherited) @executable_path/Frameworks";
				PRODUCT_NAME = "$(TARGET_NAME)";
				PROVISIONING_PROFILE = "d3339e31-02f8-4be2-a7a6-b674aa9b244f";
			};
			name = Debug;
		};
		21C101281AE8C4B1005AA452 /* Release */ = {
			isa = XCBuildConfiguration;
			buildSettings = {
				ASSETCATALOG_COMPILER_APPICON_NAME = AppIcon;
				CODE_SIGN_IDENTITY = "iPhone Developer: Sean Barker (7JWGBD6NFU)";
				"CODE_SIGN_IDENTITY[sdk=iphoneos*]" = "iPhone Developer: Sean Barker (7JWGBD6NFU)";
				INFOPLIST_FILE = Atlas/Info.plist;
				IPHONEOS_DEPLOYMENT_TARGET = 8.3;
				LD_RUNPATH_SEARCH_PATHS = "$(inherited) @executable_path/Frameworks";
				PRODUCT_NAME = "$(TARGET_NAME)";
				PROVISIONING_PROFILE = "d3339e31-02f8-4be2-a7a6-b674aa9b244f";
			};
			name = Release;
		};
		21C1012A1AE8C4B1005AA452 /* Debug */ = {
			isa = XCBuildConfiguration;
			buildSettings = {
				BUNDLE_LOADER = "$(TEST_HOST)";
				FRAMEWORK_SEARCH_PATHS = (
					"$(SDKROOT)/Developer/Library/Frameworks",
					"$(inherited)",
				);
				GCC_PREPROCESSOR_DEFINITIONS = (
					"DEBUG=1",
					"$(inherited)",
				);
				INFOPLIST_FILE = AtlasTests/Info.plist;
				LD_RUNPATH_SEARCH_PATHS = "$(inherited) @executable_path/Frameworks @loader_path/Frameworks";
				PRODUCT_NAME = "$(TARGET_NAME)";
				TEST_HOST = "$(BUILT_PRODUCTS_DIR)/Atlas.app/Atlas";
			};
			name = Debug;
		};
		21C1012B1AE8C4B1005AA452 /* Release */ = {
			isa = XCBuildConfiguration;
			buildSettings = {
				BUNDLE_LOADER = "$(TEST_HOST)";
				FRAMEWORK_SEARCH_PATHS = (
					"$(SDKROOT)/Developer/Library/Frameworks",
					"$(inherited)",
				);
				INFOPLIST_FILE = AtlasTests/Info.plist;
				LD_RUNPATH_SEARCH_PATHS = "$(inherited) @executable_path/Frameworks @loader_path/Frameworks";
				PRODUCT_NAME = "$(TARGET_NAME)";
				TEST_HOST = "$(BUILT_PRODUCTS_DIR)/Atlas.app/Atlas";
			};
			name = Release;
		};
/* End XCBuildConfiguration section */

/* Begin XCConfigurationList section */
		21C101021AE8C4B0005AA452 /* Build configuration list for PBXProject "Atlas" */ = {
			isa = XCConfigurationList;
			buildConfigurations = (
				21C101241AE8C4B1005AA452 /* Debug */,
				21C101251AE8C4B1005AA452 /* Release */,
			);
			defaultConfigurationIsVisible = 0;
			defaultConfigurationName = Release;
		};
		21C101261AE8C4B1005AA452 /* Build configuration list for PBXNativeTarget "Atlas" */ = {
			isa = XCConfigurationList;
			buildConfigurations = (
				21C101271AE8C4B1005AA452 /* Debug */,
				21C101281AE8C4B1005AA452 /* Release */,
			);
			defaultConfigurationIsVisible = 0;
			defaultConfigurationName = Release;
		};
		21C101291AE8C4B1005AA452 /* Build configuration list for PBXNativeTarget "AtlasTests" */ = {
			isa = XCConfigurationList;
			buildConfigurations = (
				21C1012A1AE8C4B1005AA452 /* Debug */,
				21C1012B1AE8C4B1005AA452 /* Release */,
			);
			defaultConfigurationIsVisible = 0;
			defaultConfigurationName = Release;
		};
/* End XCConfigurationList section */
	};
	rootObject = 21C100FF1AE8C4B0005AA452 /* Project object */;
}
